Microsoft Visual Studio Solution File, Format Version 10.00
# Visual C++ Express 2008
Project("{8BC9CEB8-8B4A-11D0-8D11-00A0C91BC942}") = "Demo-Control", "..\demo\control\control.vcproj", "{D75657B8-CED1-4F54-B236-38F97E9A645F}"
	ProjectSection(ProjectDependencies) = postProject
		{5DA63450-8886-46E3-9CC4-84618A3DB7FE} = {5DA63450-8886-46E3-9CC4-84618A3DB7FE}
	EndProjectSection
EndProject
Project("{8BC9CEB8-8B4A-11D0-8D11-00A0C91BC942}") = "Demo-Kni_wrapper", "..\demo\kni_wrapper\kni_wrapper_demo.vcproj", "{6C7F39CA-4F74-4FD1-B8D2-B81767CEC4BE}"
	ProjectSection(ProjectDependencies) = postProject
		{5DA63450-8886-46E3-9CC4-84618A3DB7FE} = {5DA63450-8886-46E3-9CC4-84618A3DB7FE}
		{ED289070-1E04-437C-80A6-3B50F79D04EE} = {ED289070-1E04-437C-80A6-3B50F79D04EE}
		{2AD76990-A0A0-4BEF-8B96-4085C384422A} = {2AD76990-A0A0-4BEF-8B96-4085C384422A}
		{14799CFC-955B-4DA1-AD92-983D20CB10C3} = {14799CFC-955B-4DA1-AD92-983D20CB10C3}
	EndProjectSection
EndProject
Project("{8BC9CEB8-8B4A-11D0-8D11-00A0C91BC942}") = "Library-Base", "..\src\Base\Base.vcproj", "{ED289070-1E04-437C-80A6-3B50F79D04EE}"
EndProject
Project("{8BC9CEB8-8B4A-11D0-8D11-00A0C91BC942}") = "Library-InvKin", "..\src\InvKin\InvKin.vcproj", "{2AD76990-A0A0-4BEF-8B96-4085C384422A}"
	ProjectSection(ProjectDependencies) = postProject
		{ED289070-1E04-437C-80A6-3B50F79D04EE} = {ED289070-1E04-437C-80A6-3B50F79D04EE}
		{A66C86AB-D323-4116-AEBF-C19CD81ECE1F} = {A66C86AB-D323-4116-AEBF-C19CD81ECE1F}
	EndProjectSection
EndProject
Project("{8BC9CEB8-8B4A-11D0-8D11-00A0C91BC942}") = "Library-Kni_wrapper", "..\src\kni_wrapper\kni_wrapper.vcproj", "{14799CFC-955B-4DA1-AD92-983D20CB10C3}"
	ProjectSection(ProjectDependencies) = postProject
		{5DA63450-8886-46E3-9CC4-84618A3DB7FE} = {5DA63450-8886-46E3-9CC4-84618A3DB7FE}
		{ED289070-1E04-437C-80A6-3B50F79D04EE} = {ED289070-1E04-437C-80A6-3B50F79D04EE}
		{2AD76990-A0A0-4BEF-8B96-4085C384422A} = {2AD76990-A0A0-4BEF-8B96-4085C384422A}
	EndProjectSection
EndProject
Project("{8BC9CEB8-8B4A-11D0-8D11-00A0C91BC942}") = "Library-LM", "..\src\LM\LM.vcproj", "{5DA63450-8886-46E3-9CC4-84618A3DB7FE}"
	ProjectSection(ProjectDependencies) = postProject
		{2AD76990-A0A0-4BEF-8B96-4085C384422A} = {2AD76990-A0A0-4BEF-8B96-4085C384422A}
	EndProjectSection
EndProject
Project("{8BC9CEB8-8B4A-11D0-8D11-00A0C91BC942}") = "KNI.net", "..\KNI.net\KNI.net.vcproj", "{F5424DFD-59C3-4B56-AD9A-FD7DCE0F60C9}"
	ProjectSection(ProjectDependencies) = postProject
		{5DA63450-8886-46E3-9CC4-84618A3DB7FE} = {5DA63450-8886-46E3-9CC4-84618A3DB7FE}
		{ED289070-1E04-437C-80A6-3B50F79D04EE} = {ED289070-1E04-437C-80A6-3B50F79D04EE}
		{2AD76990-A0A0-4BEF-8B96-4085C384422A} = {2AD76990-A0A0-4BEF-8B96-4085C384422A}
	EndProjectSection
EndProject
Project("{8BC9CEB8-8B4A-11D0-8D11-00A0C91BC942}") = "kinematics", "..\lib\kinematics\libKinematics.vcproj", "{A66C86AB-D323-4116-AEBF-C19CD81ECE1F}"
	ProjectSection(ProjectDependencies) = postProject
		{DDCF4A14-1271-4D2E-B6F0-0C2F373134FC} = {DDCF4A14-1271-4D2E-B6F0-0C2F373134FC}
		{15132046-C0D8-4EEC-A5AC-70DE733F9453} = {15132046-C0D8-4EEC-A5AC-70DE733F9453}
	EndProjectSection
EndProject
Project("{8BC9CEB8-8B4A-11D0-8D11-00A0C91BC942}") = "newmat", "..\lib\kinematics\roboop\newmat.vcproj", "{8F80B13D-890B-4611-8F4B-2D36B855BB2D}"
EndProject
Project("{8BC9CEB8-8B4A-11D0-8D11-00A0C91BC942}") = "roboop", "..\lib\kinematics\roboop\roboop.vcproj", "{DDCF4A14-1271-4D2E-B6F0-0C2F373134FC}"
	ProjectSection(ProjectDependencies) = postProject
		{8F80B13D-890B-4611-8F4B-2D36B855BB2D} = {8F80B13D-890B-4611-8F4B-2D36B855BB2D}
	EndProjectSection
EndProject
Project("{8BC9CEB8-8B4A-11D0-8D11-00A0C91BC942}") = "AnalyticalGuess", "..\lib\kinematics\AnalyticalGuess\AnalyticalGuess.vcproj", "{15132046-C0D8-4EEC-A5AC-70DE733F9453}"
EndProject
Global
	GlobalSection(SolutionConfigurationPlatforms) = preSolution
		Debug (DLL)|Win32 = Debug (DLL)|Win32
		Debug|Win32 = Debug|Win32
		Release (DLL)|Win32 = Release (DLL)|Win32
		Release|Win32 = Release|Win32
	EndGlobalSection
	GlobalSection(ProjectConfigurationPlatforms) = postSolution
		{D75657B8-CED1-4F54-B236-38F97E9A645F}.Debug (DLL)|Win32.ActiveCfg = Debug|Win32
		{D75657B8-CED1-4F54-B236-38F97E9A645F}.Debug (DLL)|Win32.Build.0 = Debug|Win32
		{D75657B8-CED1-4F54-B236-38F97E9A645F}.Debug|Win32.ActiveCfg = Debug|Win32
		{D75657B8-CED1-4F54-B236-38F97E9A645F}.Debug|Win32.Build.0 = Debug|Win32
		{D75657B8-CED1-4F54-B236-38F97E9A645F}.Release (DLL)|Win32.ActiveCfg = Release|Win32
		{D75657B8-CED1-4F54-B236-38F97E9A645F}.Release (DLL)|Win32.Build.0 = Release|Win32
		{D75657B8-CED1-4F54-B236-38F97E9A645F}.Release|Win32.ActiveCfg = Release|Win32
		{D75657B8-CED1-4F54-B236-38F97E9A645F}.Release|Win32.Build.0 = Release|Win32
		{6C7F39CA-4F74-4FD1-B8D2-B81767CEC4BE}.Debug (DLL)|Win32.ActiveCfg = Debug|Win32
		{6C7F39CA-4F74-4FD1-B8D2-B81767CEC4BE}.Debug (DLL)|Win32.Build.0 = Debug|Win32
		{6C7F39CA-4F74-4FD1-B8D2-B81767CEC4BE}.Debug|Win32.ActiveCfg = Debug|Win32
		{6C7F39CA-4F74-4FD1-B8D2-B81767CEC4BE}.Debug|Win32.Build.0 = Debug|Win32
		{6C7F39CA-4F74-4FD1-B8D2-B81767CEC4BE}.Release (DLL)|Win32.ActiveCfg = Release|Win32
		{6C7F39CA-4F74-4FD1-B8D2-B81767CEC4BE}.Release (DLL)|Win32.Build.0 = Release|Win32
		{6C7F39CA-4F74-4FD1-B8D2-B81767CEC4BE}.Release|Win32.ActiveCfg = Release|Win32
		{6C7F39CA-4F74-4FD1-B8D2-B81767CEC4BE}.Release|Win32.Build.0 = Release|Win32
		{ED289070-1E04-437C-80A6-3B50F79D04EE}.Debug (DLL)|Win32.ActiveCfg = Debug (DLL)|Win32
		{ED289070-1E04-437C-80A6-3B50F79D04EE}.Debug (DLL)|Win32.Build.0 = Debug (DLL)|Win32
		{ED289070-1E04-437C-80A6-3B50F79D04EE}.Debug|Win32.ActiveCfg = Debug|Win32
		{ED289070-1E04-437C-80A6-3B50F79D04EE}.Debug|Win32.Build.0 = Debug|Win32
		{ED289070-1E04-437C-80A6-3B50F79D04EE}.Release (DLL)|Win32.ActiveCfg = Release (DLL)|Win32
		{ED289070-1E04-437C-80A6-3B50F79D04EE}.Release (DLL)|Win32.Build.0 = Release (DLL)|Win32
		{ED289070-1E04-437C-80A6-3B50F79D04EE}.Release|Win32.ActiveCfg = Release|Win32
		{ED289070-1E04-437C-80A6-3B50F79D04EE}.Release|Win32.Build.0 = Release|Win32
		{2AD76990-A0A0-4BEF-8B96-4085C384422A}.Debug (DLL)|Win32.ActiveCfg = Debug (DLL)|Win32
		{2AD76990-A0A0-4BEF-8B96-4085C384422A}.Debug (DLL)|Win32.Build.0 = Debug (DLL)|Win32
		{2AD76990-A0A0-4BEF-8B96-4085C384422A}.Debug|Win32.ActiveCfg = Debug|Win32
		{2AD76990-A0A0-4BEF-8B96-4085C384422A}.Debug|Win32.Build.0 = Debug|Win32
		{2AD76990-A0A0-4BEF-8B96-4085C384422A}.Release (DLL)|Win32.ActiveCfg = Release (DLL)|Win32
		{2AD76990-A0A0-4BEF-8B96-4085C384422A}.Release (DLL)|Win32.Build.0 = Release (DLL)|Win32
		{2AD76990-A0A0-4BEF-8B96-4085C384422A}.Release|Win32.ActiveCfg = Release|Win32
		{2AD76990-A0A0-4BEF-8B96-4085C384422A}.Release|Win32.Build.0 = Release|Win32
		{14799CFC-955B-4DA1-AD92-983D20CB10C3}.Debug (DLL)|Win32.ActiveCfg = Debug|Win32
		{14799CFC-955B-4DA1-AD92-983D20CB10C3}.Debug (DLL)|Win32.Build.0 = Debug|Win32
		{14799CFC-955B-4DA1-AD92-983D20CB10C3}.Debug|Win32.ActiveCfg = Debug|Win32
		{14799CFC-955B-4DA1-AD92-983D20CB10C3}.Debug|Win32.Build.0 = Debug|Win32
		{14799CFC-955B-4DA1-AD92-983D20CB10C3}.Release (DLL)|Win32.ActiveCfg = Release|Win32
		{14799CFC-955B-4DA1-AD92-983D20CB10C3}.Release (DLL)|Win32.Build.0 = Release|Win32
		{14799CFC-955B-4DA1-AD92-983D20CB10C3}.Release|Win32.ActiveCfg = Release|Win32
		{14799CFC-955B-4DA1-AD92-983D20CB10C3}.Release|Win32.Build.0 = Release|Win32
		{5DA63450-8886-46E3-9CC4-84618A3DB7FE}.Debug (DLL)|Win32.ActiveCfg = Debug (DLL)|Win32
		{5DA63450-8886-46E3-9CC4-84618A3DB7FE}.Debug (DLL)|Win32.Build.0 = Debug (DLL)|Win32
		{5DA63450-8886-46E3-9CC4-84618A3DB7FE}.Debug|Win32.ActiveCfg = Debug|Win32
		{5DA63450-8886-46E3-9CC4-84618A3DB7FE}.Debug|Win32.Build.0 = Debug|Win32
		{5DA63450-8886-46E3-9CC4-84618A3DB7FE}.Release (DLL)|Win32.ActiveCfg = Release (DLL)|Win32
		{5DA63450-8886-46E3-9CC4-84618A3DB7FE}.Release (DLL)|Win32.Build.0 = Release (DLL)|Win32
		{5DA63450-8886-46E3-9CC4-84618A3DB7FE}.Release|Win32.ActiveCfg = Release|Win32
		{5DA63450-8886-46E3-9CC4-84618A3DB7FE}.Release|Win32.Build.0 = Release|Win32
		{F5424DFD-59C3-4B56-AD9A-FD7DCE0F60C9}.Debug (DLL)|Win32.ActiveCfg = Debug|Win32
		{F5424DFD-59C3-4B56-AD9A-FD7DCE0F60C9}.Debug (DLL)|Win32.Build.0 = Debug|Win32
		{F5424DFD-59C3-4B56-AD9A-FD7DCE0F60C9}.Debug|Win32.ActiveCfg = Debug|Win32
		{F5424DFD-59C3-4B56-AD9A-FD7DCE0F60C9}.Debug|Win32.Build.0 = Debug|Win32
		{F5424DFD-59C3-4B56-AD9A-FD7DCE0F60C9}.Release (DLL)|Win32.ActiveCfg = Release|Win32
		{F5424DFD-59C3-4B56-AD9A-FD7DCE0F60C9}.Release (DLL)|Win32.Build.0 = Release|Win32
		{F5424DFD-59C3-4B56-AD9A-FD7DCE0F60C9}.Release|Win32.ActiveCfg = Release|Win32
		{F5424DFD-59C3-4B56-AD9A-FD7DCE0F60C9}.Release|Win32.Build.0 = Release|Win32
		{A66C86AB-D323-4116-AEBF-C19CD81ECE1F}.Debug (DLL)|Win32.ActiveCfg = Debug|Win32
		{A66C86AB-D323-4116-AEBF-C19CD81ECE1F}.Debug (DLL)|Win32.Build.0 = Debug|Win32
		{A66C86AB-D323-4116-AEBF-C19CD81ECE1F}.Debug|Win32.ActiveCfg = Debug|Win32
		{A66C86AB-D323-4116-AEBF-C19CD81ECE1F}.Debug|Win32.Build.0 = Debug|Win32
		{A66C86AB-D323-4116-AEBF-C19CD81ECE1F}.Release (DLL)|Win32.ActiveCfg = Release|Win32
		{A66C86AB-D323-4116-AEBF-C19CD81ECE1F}.Release (DLL)|Win32.Build.0 = Release|Win32
		{A66C86AB-D323-4116-AEBF-C19CD81ECE1F}.Release|Win32.ActiveCfg = Release|Win32
		{A66C86AB-D323-4116-AEBF-C19CD81ECE1F}.Release|Win32.Build.0 = Release|Win32
		{8F80B13D-890B-4611-8F4B-2D36B855BB2D}.Debug (DLL)|Win32.ActiveCfg = Debug|Win32
		{8F80B13D-890B-4611-8F4B-2D36B855BB2D}.Debug (DLL)|Win32.Build.0 = Debug|Win32
		{8F80B13D-890B-4611-8F4B-2D36B855BB2D}.Debug|Win32.ActiveCfg = Debug|Win32
		{8F80B13D-890B-4611-8F4B-2D36B855BB2D}.Debug|Win32.Build.0 = Debug|Win32
		{8F80B13D-890B-4611-8F4B-2D36B855BB2D}.Release (DLL)|Win32.ActiveCfg = Release|Win32
		{8F80B13D-890B-4611-8F4B-2D36B855BB2D}.Release (DLL)|Win32.Build.0 = Release|Win32
		{8F80B13D-890B-4611-8F4B-2D36B855BB2D}.Release|Win32.ActiveCfg = Release|Win32
		{8F80B13D-890B-4611-8F4B-2D36B855BB2D}.Release|Win32.Build.0 = Release|Win32
		{DDCF4A14-1271-4D2E-B6F0-0C2F373134FC}.Debug (DLL)|Win32.ActiveCfg = Debug|Win32
		{DDCF4A14-1271-4D2E-B6F0-0C2F373134FC}.Debug (DLL)|Win32.Build.0 = Debug|Win32
		{DDCF4A14-1271-4D2E-B6F0-0C2F373134FC}.Debug|Win32.ActiveCfg = Debug|Win32
		{DDCF4A14-1271-4D2E-B6F0-0C2F373134FC}.Debug|Win32.Build.0 = Debug|Win32
		{DDCF4A14-1271-4D2E-B6F0-0C2F373134FC}.Release (DLL)|Win32.ActiveCfg = Release|Win32
		{DDCF4A14-1271-4D2E-B6F0-0C2F373134FC}.Release (DLL)|Win32.Build.0 = Release|Win32
		{DDCF4A14-1271-4D2E-B6F0-0C2F373134FC}.Release|Win32.ActiveCfg = Release|Win32
		{DDCF4A14-1271-4D2E-B6F0-0C2F373134FC}.Release|Win32.Build.0 = Release|Win32
		{15132046-C0D8-4EEC-A5AC-70DE733F9453}.Debug (DLL)|Win32.ActiveCfg = Debug|Win32
		{15132046-C0D8-4EEC-A5AC-70DE733F9453}.Debug (DLL)|Win32.Build.0 = Debug|Win32
		{15132046-C0D8-4EEC-A5AC-70DE733F9453}.Debug|Win32.ActiveCfg = Debug|Win32
		{15132046-C0D8-4EEC-A5AC-70DE733F9453}.Debug|Win32.Build.0 = Debug|Win32
		{15132046-C0D8-4EEC-A5AC-70DE733F9453}.Release (DLL)|Win32.ActiveCfg = Release|Win32
		{15132046-C0D8-4EEC-A5AC-70DE733F9453}.Release (DLL)|Win32.Build.0 = Release|Win32
		{15132046-C0D8-4EEC-A5AC-70DE733F9453}.Release|Win32.ActiveCfg = Release|Win32
		{15132046-C0D8-4EEC-A5AC-70DE733F9453}.Release|Win32.Build.0 = Release|Win32
	EndGlobalSection
	GlobalSection(SolutionProperties) = preSolution
		HideSolutionNode = FALSE
	EndGlobalSection
EndGlobal
