Microsoft Visual Studio Solution File, Format Version 10.00
# Visual C++ Express 2008
Project("{8BC9CEB8-8B4A-11D0-8D11-00A0C91BC942}") = "bench", "bench.vcproj", "{9DF7AB27-609A-4029-BD69-D72B794E6A65}"
	ProjectSection(ProjectDependencies) = postProject
		{DDCF4A14-1271-4D2E-B6F0-0C2F373134FC} = {DDCF4A14-1271-4D2E-B6F0-0C2F373134FC}
		{8F80B13D-890B-4611-8F4B-2D36B855BB2D} = {8F80B13D-890B-4611-8F4B-2D36B855BB2D}
	EndProjectSection
EndProject
Project("{8BC9CEB8-8B4A-11D0-8D11-00A0C91BC942}") = "demo", "demo.vcproj", "{E68FED1E-4C02-4808-964B-1AFA071B1756}"
	ProjectSection(ProjectDependencies) = postProject
		{DDCF4A14-1271-4D2E-B6F0-0C2F373134FC} = {DDCF4A14-1271-4D2E-B6F0-0C2F373134FC}
		{8F80B13D-890B-4611-8F4B-2D36B855BB2D} = {8F80B13D-890B-4611-8F4B-2D36B855BB2D}
	EndProjectSection
EndProject
Project("{8BC9CEB8-8B4A-11D0-8D11-00A0C91BC942}") = "demo_2dof_pd", "demo_2dof_pd.vcproj", "{BF210DC2-7C0E-47CC-AFC3-00E42CE08884}"
	ProjectSection(ProjectDependencies) = postProject
		{DDCF4A14-1271-4D2E-B6F0-0C2F373134FC} = {DDCF4A14-1271-4D2E-B6F0-0C2F373134FC}
		{8F80B13D-890B-4611-8F4B-2D36B855BB2D} = {8F80B13D-890B-4611-8F4B-2D36B855BB2D}
	EndProjectSection
EndProject
Project("{8BC9CEB8-8B4A-11D0-8D11-00A0C91BC942}") = "newmat", "newmat.vcproj", "{8F80B13D-890B-4611-8F4B-2D36B855BB2D}"
EndProject
Project("{8BC9CEB8-8B4A-11D0-8D11-00A0C91BC942}") = "roboop", "roboop.vcproj", "{DDCF4A14-1271-4D2E-B6F0-0C2F373134FC}"
EndProject
Project("{8BC9CEB8-8B4A-11D0-8D11-00A0C91BC942}") = "rtest", "rtest.vcproj", "{CA7576BA-FB99-41F4-85CA-C482D1183E4D}"
	ProjectSection(ProjectDependencies) = postProject
		{DDCF4A14-1271-4D2E-B6F0-0C2F373134FC} = {DDCF4A14-1271-4D2E-B6F0-0C2F373134FC}
		{8F80B13D-890B-4611-8F4B-2D36B855BB2D} = {8F80B13D-890B-4611-8F4B-2D36B855BB2D}
	EndProjectSection
EndProject
Project("{8BC9CEB8-8B4A-11D0-8D11-00A0C91BC942}") = "kinematics", "..\libKinematics.vcproj", "{A66C86AB-D323-4116-AEBF-C19CD81ECE1F}"
	ProjectSection(ProjectDependencies) = postProject
		{DDCF4A14-1271-4D2E-B6F0-0C2F373134FC} = {DDCF4A14-1271-4D2E-B6F0-0C2F373134FC}
		{8F80B13D-890B-4611-8F4B-2D36B855BB2D} = {8F80B13D-890B-4611-8F4B-2D36B855BB2D}
		{15132046-C0D8-4EEC-A5AC-70DE733F9453} = {15132046-C0D8-4EEC-A5AC-70DE733F9453}
	EndProjectSection
EndProject
Project("{8BC9CEB8-8B4A-11D0-8D11-00A0C91BC942}") = "AnalyticalGuess", "..\AnalyticalGuess\AnalyticalGuess.vcproj", "{15132046-C0D8-4EEC-A5AC-70DE733F9453}"
EndProject
Global
	GlobalSection(SolutionConfigurationPlatforms) = preSolution
		Debug|Win32 = Debug|Win32
		Release|Win32 = Release|Win32
	EndGlobalSection
	GlobalSection(ProjectConfigurationPlatforms) = postSolution
		{9DF7AB27-609A-4029-BD69-D72B794E6A65}.Debug|Win32.ActiveCfg = Debug|Win32
		{9DF7AB27-609A-4029-BD69-D72B794E6A65}.Debug|Win32.Build.0 = Debug|Win32
		{9DF7AB27-609A-4029-BD69-D72B794E6A65}.Release|Win32.ActiveCfg = Release|Win32
		{9DF7AB27-609A-4029-BD69-D72B794E6A65}.Release|Win32.Build.0 = Release|Win32
		{E68FED1E-4C02-4808-964B-1AFA071B1756}.Debug|Win32.ActiveCfg = Debug|Win32
		{E68FED1E-4C02-4808-964B-1AFA071B1756}.Debug|Win32.Build.0 = Debug|Win32
		{E68FED1E-4C02-4808-964B-1AFA071B1756}.Release|Win32.ActiveCfg = Release|Win32
		{E68FED1E-4C02-4808-964B-1AFA071B1756}.Release|Win32.Build.0 = Release|Win32
		{BF210DC2-7C0E-47CC-AFC3-00E42CE08884}.Debug|Win32.ActiveCfg = Debug|Win32
		{BF210DC2-7C0E-47CC-AFC3-00E42CE08884}.Debug|Win32.Build.0 = Debug|Win32
		{BF210DC2-7C0E-47CC-AFC3-00E42CE08884}.Release|Win32.ActiveCfg = Release|Win32
		{BF210DC2-7C0E-47CC-AFC3-00E42CE08884}.Release|Win32.Build.0 = Release|Win32
		{8F80B13D-890B-4611-8F4B-2D36B855BB2D}.Debug|Win32.ActiveCfg = Debug|Win32
		{8F80B13D-890B-4611-8F4B-2D36B855BB2D}.Debug|Win32.Build.0 = Debug|Win32
		{8F80B13D-890B-4611-8F4B-2D36B855BB2D}.Release|Win32.ActiveCfg = Release|Win32
		{8F80B13D-890B-4611-8F4B-2D36B855BB2D}.Release|Win32.Build.0 = Release|Win32
		{DDCF4A14-1271-4D2E-B6F0-0C2F373134FC}.Debug|Win32.ActiveCfg = Debug|Win32
		{DDCF4A14-1271-4D2E-B6F0-0C2F373134FC}.Debug|Win32.Build.0 = Debug|Win32
		{DDCF4A14-1271-4D2E-B6F0-0C2F373134FC}.Release|Win32.ActiveCfg = Release|Win32
		{DDCF4A14-1271-4D2E-B6F0-0C2F373134FC}.Release|Win32.Build.0 = Release|Win32
		{CA7576BA-FB99-41F4-85CA-C482D1183E4D}.Debug|Win32.ActiveCfg = Debug|Win32
		{CA7576BA-FB99-41F4-85CA-C482D1183E4D}.Debug|Win32.Build.0 = Debug|Win32
		{CA7576BA-FB99-41F4-85CA-C482D1183E4D}.Release|Win32.ActiveCfg = Release|Win32
		{CA7576BA-FB99-41F4-85CA-C482D1183E4D}.Release|Win32.Build.0 = Release|Win32
		{A66C86AB-D323-4116-AEBF-C19CD81ECE1F}.Debug|Win32.ActiveCfg = Debug|Win32
		{A66C86AB-D323-4116-AEBF-C19CD81ECE1F}.Debug|Win32.Build.0 = Debug|Win32
		{A66C86AB-D323-4116-AEBF-C19CD81ECE1F}.Release|Win32.ActiveCfg = Release|Win32
		{A66C86AB-D323-4116-AEBF-C19CD81ECE1F}.Release|Win32.Build.0 = Release|Win32
		{15132046-C0D8-4EEC-A5AC-70DE733F9453}.Debug|Win32.ActiveCfg = Debug|Win32
		{15132046-C0D8-4EEC-A5AC-70DE733F9453}.Debug|Win32.Build.0 = Debug|Win32
		{15132046-C0D8-4EEC-A5AC-70DE733F9453}.Release|Win32.ActiveCfg = Release|Win32
		{15132046-C0D8-4EEC-A5AC-70DE733F9453}.Release|Win32.Build.0 = Release|Win32
	EndGlobalSection
	GlobalSection(SolutionProperties) = preSolution
		HideSolutionNode = FALSE
	EndGlobalSection
EndGlobal
