{
  "name": "tms_ur_slack",
  "version": "1.0.0",
  "lockfileVersion": 1,
  "requires": true,
  "dependencies": {
    "@slack/client": {
      "version": "4.8.0",
      "resolved": "https://registry.npmjs.org/@slack/client/-/client-4.8.0.tgz",
      "integrity": "sha512-c4PKsRMtTp3QVYg+6cNqqxbU/50gnYfMlZgPCGUuMDMm9mkx50y0PEuERcVyLIe5j61imrhQx9DoNIfybEhTTw==",
      "requires": {
        "@types/form-data": "^2.2.1",
        "@types/is-stream": "^1.1.0",
        "@types/loglevel": "^1.5.3",
        "@types/node": ">=6.0.0",
        "@types/p-cancelable": "^0.3.0",
        "@types/p-queue": "^2.3.1",
        "@types/p-retry": "^1.0.1",
        "@types/retry": "^0.10.2",
        "@types/ws": "^5.1.1",
        "axios": "^0.18.0",
        "eventemitter3": "^3.0.0",
        "finity": "^0.5.4",
        "form-data": "^2.3.1",
        "is-stream": "^1.1.0",
        "loglevel": "^1.6.1",
        "object.entries": "^1.0.4",
        "object.getownpropertydescriptors": "^2.0.3",
        "object.values": "^1.0.4",
        "p-cancelable": "^0.3.0",
        "p-queue": "^2.3.0",
        "p-retry": "^2.0.0",
        "retry": "^0.12.0",
        "ws": "^5.2.0"
      }
    },
    "@types/events": {
      "version": "1.2.0",
      "resolved": "http://registry.npmjs.org/@types/events/-/events-1.2.0.tgz",
      "integrity": "sha512-KEIlhXnIutzKwRbQkGWb/I4HFqBuUykAdHgDED6xqwXJfONCjF5VoE0cXEiurh3XauygxzeDzgtXUqvLkxFzzA=="
    },
    "@types/form-data": {
      "version": "2.2.1",
      "resolved": "https://registry.npmjs.org/@types/form-data/-/form-data-2.2.1.tgz",
      "integrity": "sha512-JAMFhOaHIciYVh8fb5/83nmuO/AHwmto+Hq7a9y8FzLDcC1KCU344XDOMEmahnrTFlHjgh4L0WJFczNIX2GxnQ==",
      "requires": {
        "@types/node": "*"
      }
    },
    "@types/is-stream": {
      "version": "1.1.0",
      "resolved": "https://registry.npmjs.org/@types/is-stream/-/is-stream-1.1.0.tgz",
      "integrity": "sha512-jkZatu4QVbR60mpIzjINmtS1ZF4a/FqdTUTBeQDVOQ2PYyidtwFKr0B5G6ERukKwliq+7mIXvxyppwzG5EgRYg==",
      "requires": {
        "@types/node": "*"
      }
    },
    "@types/loglevel": {
      "version": "1.5.3",
      "resolved": "https://registry.npmjs.org/@types/loglevel/-/loglevel-1.5.3.tgz",
      "integrity": "sha512-TzzIZihV+y9kxSg5xJMkyIkaoGkXi50isZTtGHObNHRqAAwjGNjSCNPI7AUAv0tZUKTq9f2cdkCUd/2JVZUTrA=="
    },
    "@types/node": {
      "version": "10.12.0",
      "resolved": "https://registry.npmjs.org/@types/node/-/node-10.12.0.tgz",
      "integrity": "sha512-3TUHC3jsBAB7qVRGxT6lWyYo2v96BMmD2PTcl47H25Lu7UXtFH/2qqmKiVrnel6Ne//0TFYf6uvNX+HW2FRkLQ=="
    },
    "@types/p-cancelable": {
      "version": "0.3.0",
      "resolved": "https://registry.npmjs.org/@types/p-cancelable/-/p-cancelable-0.3.0.tgz",
      "integrity": "sha512-sP+9Ivnpil7cdmvr5O+145aXm65YX8Y+Lrul1ojdYz6yaE05Dqonn6Z9v5eqJCQ0UeSGcTRtepMlZDh9ywdKgw=="
    },
    "@types/p-queue": {
      "version": "2.3.1",
      "resolved": "https://registry.npmjs.org/@types/p-queue/-/p-queue-2.3.1.tgz",
      "integrity": "sha512-JyO7uMAtkcMMULmsTQ4t/lCC8nxirTtweGG1xAFNNIAoC1RemmeIxq8PiKghuEy99XdbS6Lwx4zpbXUjfeSSAA=="
    },
    "@types/p-retry": {
      "version": "1.0.1",
      "resolved": "https://registry.npmjs.org/@types/p-retry/-/p-retry-1.0.1.tgz",
      "integrity": "sha512-HgQPG9kkUb4EpTeUv2taH2nBZsVUb5aOTSw3X2YozcTG1ttmGcLaLKx1MbAz1evVfUEDTCAPmdz2HiFztIyWrw==",
      "requires": {
        "@types/retry": "*"
      }
    },
    "@types/retry": {
      "version": "0.10.2",
      "resolved": "https://registry.npmjs.org/@types/retry/-/retry-0.10.2.tgz",
      "integrity": "sha512-LqJkY4VQ7S09XhI7kA3ON71AxauROhSv74639VsNXC9ish4IWHnIi98if+nP1MxQV3RMPqXSCYgpPsDHjlg9UQ=="
    },
    "@types/ws": {
      "version": "5.1.2",
      "resolved": "https://registry.npmjs.org/@types/ws/-/ws-5.1.2.tgz",
      "integrity": "sha512-NkTXUKTYdXdnPE2aUUbGOXE1XfMK527SCvU/9bj86kyFF6kZ9ZnOQ3mK5jADn98Y2vEUD/7wKDgZa7Qst2wYOg==",
      "requires": {
        "@types/events": "*",
        "@types/node": "*"
      }
    },
    "accepts": {
      "version": "1.1.4",
      "resolved": "https://registry.npmjs.org/accepts/-/accepts-1.1.4.tgz",
      "integrity": "sha1-1xyW99QdD+2iw4zRToonwEFY30o=",
      "requires": {
        "mime-types": "~2.0.4",
        "negotiator": "0.4.9"
      },
      "dependencies": {
        "mime-db": {
          "version": "1.12.0",
          "resolved": "https://registry.npmjs.org/mime-db/-/mime-db-1.12.0.tgz",
          "integrity": "sha1-PQxjGA9FjrENMlqqN9fFiuMS6dc="
        },
        "mime-types": {
          "version": "2.0.14",
          "resolved": "https://registry.npmjs.org/mime-types/-/mime-types-2.0.14.tgz",
          "integrity": "sha1-MQ4VnbI+B3+Lsit0jav6SVcUCqY=",
          "requires": {
            "mime-db": "~1.12.0"
          }
        }
      }
    },
    "after": {
      "version": "0.8.1",
      "resolved": "https://registry.npmjs.org/after/-/after-0.8.1.tgz",
      "integrity": "sha1-q11PuIP1loFtNRX495HAr0ht1ic="
    },
    "arraybuffer.slice": {
      "version": "0.0.6",
      "resolved": "https://registry.npmjs.org/arraybuffer.slice/-/arraybuffer.slice-0.0.6.tgz",
      "integrity": "sha1-8zshWfBTKj8xB6JywMz70a0peco="
    },
    "async-limiter": {
      "version": "1.0.0",
      "resolved": "https://registry.npmjs.org/async-limiter/-/async-limiter-1.0.0.tgz",
      "integrity": "sha512-jp/uFnooOiO+L211eZOoSyzpOITMXx1rBITauYykG3BRYPu8h0UcxsPNB04RR5vo4Tyz3+ay17tR6JVf9qzYWg=="
    },
    "asynckit": {
      "version": "0.4.0",
      "resolved": "https://registry.npmjs.org/asynckit/-/asynckit-0.4.0.tgz",
      "integrity": "sha1-x57Zf380y48robyXkLzDZkdLS3k="
    },
    "axios": {
      "version": "0.18.0",
      "resolved": "http://registry.npmjs.org/axios/-/axios-0.18.0.tgz",
      "integrity": "sha1-MtU+SFHv3AoRmTts0AB4nXDAUQI=",
      "requires": {
        "follow-redirects": "^1.3.0",
        "is-buffer": "^1.1.5"
      }
    },
    "backo2": {
      "version": "1.0.2",
      "resolved": "https://registry.npmjs.org/backo2/-/backo2-1.0.2.tgz",
      "integrity": "sha1-MasayLEpNjRj41s+u2n038+6eUc="
    },
    "base64-arraybuffer": {
      "version": "0.1.2",
      "resolved": "https://registry.npmjs.org/base64-arraybuffer/-/base64-arraybuffer-0.1.2.tgz",
      "integrity": "sha1-R030qfLaJOBd8xWMOx2zw81GoVQ="
    },
    "base64id": {
      "version": "0.1.0",
      "resolved": "https://registry.npmjs.org/base64id/-/base64id-0.1.0.tgz",
      "integrity": "sha1-As4P3u4M709ACA4ec+g08LG/zj8="
    },
    "benchmark": {
      "version": "1.0.0",
      "resolved": "http://registry.npmjs.org/benchmark/-/benchmark-1.0.0.tgz",
      "integrity": "sha1-Lx4vpMNZ8REiqhgwgiGOlX45DHM="
    },
    "better-assert": {
      "version": "1.0.2",
      "resolved": "https://registry.npmjs.org/better-assert/-/better-assert-1.0.2.tgz",
      "integrity": "sha1-QIZrnhueC1W0gYlDEeaPr/rrxSI=",
      "requires": {
        "callsite": "1.0.0"
      }
    },
    "blob": {
      "version": "0.0.4",
      "resolved": "https://registry.npmjs.org/blob/-/blob-0.0.4.tgz",
      "integrity": "sha1-vPEwUspURj8w+fx+lbmkdjCpSSE="
    },
    "callsite": {
      "version": "1.0.0",
      "resolved": "https://registry.npmjs.org/callsite/-/callsite-1.0.0.tgz",
      "integrity": "sha1-KAOY5dZkvXQDi28JBRU+borxvCA="
    },
    "combined-stream": {
      "version": "1.0.7",
      "resolved": "https://registry.npmjs.org/combined-stream/-/combined-stream-1.0.7.tgz",
      "integrity": "sha512-brWl9y6vOB1xYPZcpZde3N9zDByXTosAeMDo4p1wzo6UMOX4vumB+TP1RZ76sfE6Md68Q0NJSrE/gbezd4Ul+w==",
      "requires": {
        "delayed-stream": "~1.0.0"
      }
    },
    "component-bind": {
      "version": "1.0.0",
      "resolved": "https://registry.npmjs.org/component-bind/-/component-bind-1.0.0.tgz",
      "integrity": "sha1-AMYIq33Nk4l8AAllGx06jh5zu9E="
    },
    "component-emitter": {
      "version": "1.1.2",
      "resolved": "https://registry.npmjs.org/component-emitter/-/component-emitter-1.1.2.tgz",
      "integrity": "sha1-KWWU8nU9qmOZbSrwjRWpURbJrsM="
    },
    "component-inherit": {
      "version": "0.0.3",
      "resolved": "https://registry.npmjs.org/component-inherit/-/component-inherit-0.0.3.tgz",
      "integrity": "sha1-ZF/ErfWLcrZJ1crmUTVhnbJv8UM="
    },
    "debug": {
      "version": "3.1.0",
      "resolved": "https://registry.npmjs.org/debug/-/debug-3.1.0.tgz",
      "integrity": "sha512-OX8XqP7/1a9cqkxYw2yXss15f26NKWBpDXQd0/uK/KPqdQhxbPa994hnzjcE2VqQpDslf55723cKPUOGSmMY3g==",
      "requires": {
        "ms": "2.0.0"
      }
    },
    "define-properties": {
      "version": "1.1.3",
      "resolved": "https://registry.npmjs.org/define-properties/-/define-properties-1.1.3.tgz",
      "integrity": "sha512-3MqfYKj2lLzdMSf8ZIZE/V+Zuy+BgD6f164e8K2w7dgnpKArBDerGYpM46IYYcjnkdPNMjPk9A6VFB8+3SKlXQ==",
      "requires": {
        "object-keys": "^1.0.12"
      }
    },
    "delayed-stream": {
      "version": "1.0.0",
      "resolved": "https://registry.npmjs.org/delayed-stream/-/delayed-stream-1.0.0.tgz",
      "integrity": "sha1-3zrhmayt+31ECqrgsp4icrJOxhk="
    },
    "engine.io": {
      "version": "1.6.11",
      "resolved": "https://registry.npmjs.org/engine.io/-/engine.io-1.6.11.tgz",
      "integrity": "sha1-JTOpemWHbED/z5U5e375tJXEI/4=",
      "requires": {
        "accepts": "1.1.4",
        "base64id": "0.1.0",
        "debug": "2.2.0",
        "engine.io-parser": "1.2.4",
        "ws": "1.1.0"
      },
      "dependencies": {
        "debug": {
          "version": "2.2.0",
          "resolved": "http://registry.npmjs.org/debug/-/debug-2.2.0.tgz",
          "integrity": "sha1-+HBX6ZWxofauaklgZkE3vFbwOdo=",
          "requires": {
            "ms": "0.7.1"
          }
        },
        "ms": {
          "version": "0.7.1",
          "resolved": "http://registry.npmjs.org/ms/-/ms-0.7.1.tgz",
          "integrity": "sha1-nNE8A62/8ltl7/3nzoZO6VIBcJg="
        },
        "ws": {
          "version": "1.1.0",
          "resolved": "http://registry.npmjs.org/ws/-/ws-1.1.0.tgz",
          "integrity": "sha1-wdb9FRXTzv8fCuJ1m/X9dwMKrR0=",
          "requires": {
            "options": ">=0.0.5",
            "ultron": "1.0.x"
          }
        }
      }
    },
    "engine.io-client": {
      "version": "1.6.11",
      "resolved": "https://registry.npmjs.org/engine.io-client/-/engine.io-client-1.6.11.tgz",
      "integrity": "sha1-fSUNj6HCGBGezeUTkEWKV9UXE3Y=",
      "requires": {
        "component-emitter": "1.1.2",
        "component-inherit": "0.0.3",
        "debug": "2.2.0",
        "engine.io-parser": "1.2.4",
        "has-cors": "1.1.0",
        "indexof": "0.0.1",
        "parsejson": "0.0.1",
        "parseqs": "0.0.2",
        "parseuri": "0.0.4",
        "ws": "1.0.1",
        "xmlhttprequest-ssl": "1.5.1",
        "yeast": "0.1.2"
      },
      "dependencies": {
        "debug": {
          "version": "2.2.0",
          "resolved": "http://registry.npmjs.org/debug/-/debug-2.2.0.tgz",
          "integrity": "sha1-+HBX6ZWxofauaklgZkE3vFbwOdo=",
          "requires": {
            "ms": "0.7.1"
          }
        },
        "ms": {
          "version": "0.7.1",
          "resolved": "http://registry.npmjs.org/ms/-/ms-0.7.1.tgz",
          "integrity": "sha1-nNE8A62/8ltl7/3nzoZO6VIBcJg="
        },
        "ws": {
          "version": "1.0.1",
          "resolved": "http://registry.npmjs.org/ws/-/ws-1.0.1.tgz",
          "integrity": "sha1-fQsqLljN3YGQOcKcneZQReGzEOk=",
          "requires": {
            "options": ">=0.0.5",
            "ultron": "1.0.x"
          }
        }
      }
    },
    "engine.io-parser": {
      "version": "1.2.4",
      "resolved": "https://registry.npmjs.org/engine.io-parser/-/engine.io-parser-1.2.4.tgz",
      "integrity": "sha1-4Il7C/FOeS1M0qWVBVORnFaUjEI=",
      "requires": {
        "after": "0.8.1",
        "arraybuffer.slice": "0.0.6",
        "base64-arraybuffer": "0.1.2",
        "blob": "0.0.4",
        "has-binary": "0.1.6",
        "utf8": "2.1.0"
      },
      "dependencies": {
        "has-binary": {
          "version": "0.1.6",
          "resolved": "https://registry.npmjs.org/has-binary/-/has-binary-0.1.6.tgz",
          "integrity": "sha1-JTJvOc+k9hath4eJTjryz7x7bhA=",
          "requires": {
            "isarray": "0.0.1"
          }
        }
      }
    },
    "es-abstract": {
      "version": "1.12.0",
      "resolved": "https://registry.npmjs.org/es-abstract/-/es-abstract-1.12.0.tgz",
      "integrity": "sha512-C8Fx/0jFmV5IPoMOFPA9P9G5NtqW+4cOPit3MIuvR2t7Ag2K15EJTpxnHAYTzL+aYQJIESYeXZmDBfOBE1HcpA==",
      "requires": {
        "es-to-primitive": "^1.1.1",
        "function-bind": "^1.1.1",
        "has": "^1.0.1",
        "is-callable": "^1.1.3",
        "is-regex": "^1.0.4"
      }
    },
    "es-to-primitive": {
      "version": "1.2.0",
      "resolved": "https://registry.npmjs.org/es-to-primitive/-/es-to-primitive-1.2.0.tgz",
      "integrity": "sha512-qZryBOJjV//LaxLTV6UC//WewneB3LcXOL9NP++ozKVXsIIIpm/2c13UDiD9Jp2eThsecw9m3jPqDwTyobcdbg==",
      "requires": {
        "is-callable": "^1.1.4",
        "is-date-object": "^1.0.1",
        "is-symbol": "^1.0.2"
      }
    },
    "eventemitter2": {
      "version": "2.2.2",
      "resolved": "https://registry.npmjs.org/eventemitter2/-/eventemitter2-2.2.2.tgz",
      "integrity": "sha1-QH6nHCAgzVdTggOrfnpr3Pt2ktU="
    },
    "eventemitter3": {
      "version": "3.1.0",
      "resolved": "https://registry.npmjs.org/eventemitter3/-/eventemitter3-3.1.0.tgz",
      "integrity": "sha512-ivIvhpq/Y0uSjcHDcOIccjmYjGLcP09MFGE7ysAwkAvkXfpZlC985pH2/ui64DKazbTW/4kN3yqozUxlXzI6cA=="
    },
    "finity": {
      "version": "0.5.4",
      "resolved": "https://registry.npmjs.org/finity/-/finity-0.5.4.tgz",
      "integrity": "sha512-3l+5/1tuw616Lgb0QBimxfdd2TqaDGpfCBpfX6EqtFmqUV3FtQnVEX4Aa62DagYEqnsTIjZcTfbq9msDbXYgyA=="
    },
    "follow-redirects": {
      "version": "1.5.9",
      "resolved": "https://registry.npmjs.org/follow-redirects/-/follow-redirects-1.5.9.tgz",
      "integrity": "sha512-Bh65EZI/RU8nx0wbYF9shkFZlqLP+6WT/5FnA3cE/djNSuKNHJEinGGZgu/cQEkeeb2GdFOgenAmn8qaqYke2w==",
      "requires": {
        "debug": "=3.1.0"
      }
    },
    "form-data": {
      "version": "2.3.3",
      "resolved": "https://registry.npmjs.org/form-data/-/form-data-2.3.3.tgz",
      "integrity": "sha512-1lLKB2Mu3aGP1Q/2eCOx0fNbRMe7XdwktwOruhfqqd0rIJWwN4Dh+E3hrPSlDCXnSR7UtZ1N38rVXm+6+MEhJQ==",
      "requires": {
        "asynckit": "^0.4.0",
        "combined-stream": "^1.0.6",
        "mime-types": "^2.1.12"
      }
    },
    "function-bind": {
      "version": "1.1.1",
      "resolved": "https://registry.npmjs.org/function-bind/-/function-bind-1.1.1.tgz",
      "integrity": "sha512-yIovAzMX49sF8Yl58fSCWJ5svSLuaibPxXQJFLmBObTuCr0Mf1KiPopGM9NiFjiYBCbfaa2Fh6breQ6ANVTI0A=="
    },
    "has": {
      "version": "1.0.3",
      "resolved": "https://registry.npmjs.org/has/-/has-1.0.3.tgz",
      "integrity": "sha512-f2dvO0VU6Oej7RkWJGrehjbzMAjFp5/VKPp5tTpWIV4JHHZK1/BxbFRtf/siA2SWTe09caDmVtYYzWEIbBS4zw==",
      "requires": {
        "function-bind": "^1.1.1"
      }
    },
    "has-binary": {
      "version": "0.1.7",
      "resolved": "https://registry.npmjs.org/has-binary/-/has-binary-0.1.7.tgz",
      "integrity": "sha1-aOYesWIQyVRaClzOBqhzkS/h5ow=",
      "requires": {
        "isarray": "0.0.1"
      }
    },
    "has-cors": {
      "version": "1.1.0",
      "resolved": "https://registry.npmjs.org/has-cors/-/has-cors-1.1.0.tgz",
      "integrity": "sha1-XkdHk/fqmEPRu5nCPu9J/xJv/zk="
    },
    "has-symbols": {
      "version": "1.0.0",
      "resolved": "https://registry.npmjs.org/has-symbols/-/has-symbols-1.0.0.tgz",
      "integrity": "sha1-uhqPGvKg/DllD1yFA2dwQSIGO0Q="
    },
    "indexof": {
      "version": "0.0.1",
      "resolved": "https://registry.npmjs.org/indexof/-/indexof-0.0.1.tgz",
      "integrity": "sha1-gtwzbSMrkGIXnQWrMpOmYFn9Q10="
    },
    "is-buffer": {
      "version": "1.1.6",
      "resolved": "https://registry.npmjs.org/is-buffer/-/is-buffer-1.1.6.tgz",
      "integrity": "sha512-NcdALwpXkTm5Zvvbk7owOUSvVvBKDgKP5/ewfXEznmQFfs4ZRmanOeKBTjRVjka3QFoN6XJ+9F3USqfHqTaU5w=="
    },
    "is-callable": {
      "version": "1.1.4",
      "resolved": "https://registry.npmjs.org/is-callable/-/is-callable-1.1.4.tgz",
      "integrity": "sha512-r5p9sxJjYnArLjObpjA4xu5EKI3CuKHkJXMhT7kwbpUyIFD1n5PMAsoPvWnvtZiNz7LjkYDRZhd7FlI0eMijEA=="
    },
    "is-date-object": {
      "version": "1.0.1",
      "resolved": "https://registry.npmjs.org/is-date-object/-/is-date-object-1.0.1.tgz",
      "integrity": "sha1-mqIOtq7rv/d/vTPnTKAbM1gdOhY="
    },
    "is-regex": {
      "version": "1.0.4",
      "resolved": "https://registry.npmjs.org/is-regex/-/is-regex-1.0.4.tgz",
      "integrity": "sha1-VRdIm1RwkbCTDglWVM7SXul+lJE=",
      "requires": {
        "has": "^1.0.1"
      }
    },
    "is-stream": {
      "version": "1.1.0",
      "resolved": "https://registry.npmjs.org/is-stream/-/is-stream-1.1.0.tgz",
      "integrity": "sha1-EtSj3U5o4Lec6428hBc66A2RykQ="
    },
    "is-symbol": {
      "version": "1.0.2",
      "resolved": "https://registry.npmjs.org/is-symbol/-/is-symbol-1.0.2.tgz",
      "integrity": "sha512-HS8bZ9ox60yCJLH9snBpIwv9pYUAkcuLhSA1oero1UB5y9aiQpRA8y2ex945AOtCZL1lJDeIk3G5LthswI46Lw==",
      "requires": {
        "has-symbols": "^1.0.0"
      }
    },
    "isarray": {
      "version": "0.0.1",
      "resolved": "https://registry.npmjs.org/isarray/-/isarray-0.0.1.tgz",
      "integrity": "sha1-ihis/Kmo9Bd+Cav8YDiTmwXR7t8="
    },
    "json3": {
      "version": "3.2.6",
      "resolved": "https://registry.npmjs.org/json3/-/json3-3.2.6.tgz",
      "integrity": "sha1-9u/JPAagTemuxTBT3yVZuxniA4s="
    },
    "loglevel": {
      "version": "1.6.1",
      "resolved": "https://registry.npmjs.org/loglevel/-/loglevel-1.6.1.tgz",
      "integrity": "sha1-4PyVEztu8nbNyIh82vJKpvFW+Po="
    },
    "mime-db": {
      "version": "1.36.0",
      "resolved": "https://registry.npmjs.org/mime-db/-/mime-db-1.36.0.tgz",
      "integrity": "sha512-L+xvyD9MkoYMXb1jAmzI/lWYAxAMCPvIBSWur0PZ5nOf5euahRLVqH//FKW9mWp2lkqUgYiXPgkzfMUFi4zVDw=="
    },
    "mime-types": {
      "version": "2.1.20",
      "resolved": "https://registry.npmjs.org/mime-types/-/mime-types-2.1.20.tgz",
      "integrity": "sha512-HrkrPaP9vGuWbLK1B1FfgAkbqNjIuy4eHlIYnFi7kamZyLLrGlo2mpcx0bBmNpKqBtYtAfGbodDddIgddSJC2A==",
      "requires": {
        "mime-db": "~1.36.0"
      }
    },
    "ms": {
      "version": "2.0.0",
      "resolved": "https://registry.npmjs.org/ms/-/ms-2.0.0.tgz",
      "integrity": "sha1-VgiurfwAvmwpAd9fmGF4jeDVl8g="
    },
    "negotiator": {
      "version": "0.4.9",
      "resolved": "https://registry.npmjs.org/negotiator/-/negotiator-0.4.9.tgz",
      "integrity": "sha1-kuRrbbU8fkIe1koryU8IvnYw3z8="
    },
    "object-assign": {
      "version": "4.1.1",
      "resolved": "https://registry.npmjs.org/object-assign/-/object-assign-4.1.1.tgz",
      "integrity": "sha1-IQmtx5ZYh8/AXLvUQsrIv7s2CGM="
    },
    "object-component": {
      "version": "0.0.3",
      "resolved": "https://registry.npmjs.org/object-component/-/object-component-0.0.3.tgz",
      "integrity": "sha1-8MaapQ78lbhmwYb0AKM3acsvEpE="
    },
    "object-keys": {
      "version": "1.0.12",
      "resolved": "https://registry.npmjs.org/object-keys/-/object-keys-1.0.12.tgz",
      "integrity": "sha512-FTMyFUm2wBcGHnH2eXmz7tC6IwlqQZ6mVZ+6dm6vZ4IQIHjs6FdNsQBuKGPuUUUY6NfJw2PshC08Tn6LzLDOag=="
    },
    "object.entries": {
      "version": "1.0.4",
      "resolved": "https://registry.npmjs.org/object.entries/-/object.entries-1.0.4.tgz",
      "integrity": "sha1-G/mk3SKI9bM/Opk9JXZh8F0WGl8=",
      "requires": {
        "define-properties": "^1.1.2",
        "es-abstract": "^1.6.1",
        "function-bind": "^1.1.0",
        "has": "^1.0.1"
      }
    },
    "object.getownpropertydescriptors": {
      "version": "2.0.3",
      "resolved": "https://registry.npmjs.org/object.getownpropertydescriptors/-/object.getownpropertydescriptors-2.0.3.tgz",
      "integrity": "sha1-h1jIRvW0B62rDyNuCYbxSwUcqhY=",
      "requires": {
        "define-properties": "^1.1.2",
        "es-abstract": "^1.5.1"
      }
    },
    "object.values": {
      "version": "1.0.4",
      "resolved": "https://registry.npmjs.org/object.values/-/object.values-1.0.4.tgz",
      "integrity": "sha1-5STaCbT2b/Bd9FdUbscqyZ8TBpo=",
      "requires": {
        "define-properties": "^1.1.2",
        "es-abstract": "^1.6.1",
        "function-bind": "^1.1.0",
        "has": "^1.0.1"
      }
    },
    "options": {
      "version": "0.0.6",
      "resolved": "https://registry.npmjs.org/options/-/options-0.0.6.tgz",
      "integrity": "sha1-7CLTEoBrtT5zF3Pnza788cZDEo8="
    },
    "p-cancelable": {
      "version": "0.3.0",
      "resolved": "https://registry.npmjs.org/p-cancelable/-/p-cancelable-0.3.0.tgz",
      "integrity": "sha512-RVbZPLso8+jFeq1MfNvgXtCRED2raz/dKpacfTNxsx6pLEpEomM7gah6VeHSYV3+vo0OAi4MkArtQcWWXuQoyw=="
    },
    "p-queue": {
      "version": "2.4.2",
      "resolved": "https://registry.npmjs.org/p-queue/-/p-queue-2.4.2.tgz",
      "integrity": "sha512-n8/y+yDJwBjoLQe1GSJbbaYQLTI7QHNZI2+rpmCDbe++WLf9HC3gf6iqj5yfPAV71W4UF3ql5W1+UBPXoXTxng=="
    },
    "p-retry": {
      "version": "2.0.0",
      "resolved": "https://registry.npmjs.org/p-retry/-/p-retry-2.0.0.tgz",
      "integrity": "sha512-ZbCuzAmiwJ45q4evp/IG9D+5MUllGSUeCWwPt3j/tdYSi1KPkSD+46uqmAA1LhccDhOXv8kYZKNb8x78VflzfA==",
      "requires": {
        "retry": "^0.12.0"
      }
    },
    "parsejson": {
      "version": "0.0.1",
      "resolved": "https://registry.npmjs.org/parsejson/-/parsejson-0.0.1.tgz",
      "integrity": "sha1-mxDGwNglq1ieaFFTgm3go7oni8w=",
      "requires": {
        "better-assert": "~1.0.0"
      }
    },
    "parseqs": {
      "version": "0.0.2",
      "resolved": "https://registry.npmjs.org/parseqs/-/parseqs-0.0.2.tgz",
      "integrity": "sha1-nf5wss3aw4i95PNbHyQPpYrb5sc=",
      "requires": {
        "better-assert": "~1.0.0"
      }
    },
    "parseuri": {
      "version": "0.0.4",
      "resolved": "https://registry.npmjs.org/parseuri/-/parseuri-0.0.4.tgz",
      "integrity": "sha1-gGWCo5iH4eoY3V4v4OAZAiaOk1A=",
      "requires": {
        "better-assert": "~1.0.0"
      }
    },
    "pngparse": {
      "version": "2.0.1",
      "resolved": "https://registry.npmjs.org/pngparse/-/pngparse-2.0.1.tgz",
      "integrity": "sha1-hoUt5N40n077HoUudSVlXlrF37g="
    },
    "retry": {
      "version": "0.12.0",
      "resolved": "https://registry.npmjs.org/retry/-/retry-0.12.0.tgz",
      "integrity": "sha1-G0KmJmoh8HQh0bC1S33BZ7AcATs="
    },
    "roslib": {
      "version": "0.20.0",
      "resolved": "https://registry.npmjs.org/roslib/-/roslib-0.20.0.tgz",
      "integrity": "sha512-hH76Hc5ag8DMK+oxjQmtPQv/H6BD1LXxJux+tGnz8Yt2ITwoihw5ghWNmV+vJ05CjkJsC0kzWQCSimX3pnpyWA==",
      "requires": {
        "eventemitter2": "~2.2.0",
        "object-assign": "^4.0.1",
        "pngparse": "^2.0.1",
        "socket.io": "1.4.8",
        "ws": "^1.1.1",
        "xmldom": "^0.1.19"
      },
      "dependencies": {
        "ws": {
          "version": "1.1.5",
          "resolved": "https://registry.npmjs.org/ws/-/ws-1.1.5.tgz",
          "integrity": "sha512-o3KqipXNUdS7wpQzBHSe180lBGO60SoK0yVo3CYJgb2MkobuWuBX6dhkYP5ORCLd55y+SaflMOV5fqAB53ux4w==",
          "requires": {
            "options": ">=0.0.5",
            "ultron": "1.0.x"
          }
        }
      }
    },
    "socket.io": {
      "version": "1.4.8",
      "resolved": "https://registry.npmjs.org/socket.io/-/socket.io-1.4.8.tgz",
      "integrity": "sha1-5XbzMM0L7WTlWz/SbfmRFBiEhns=",
      "requires": {
        "debug": "2.2.0",
        "engine.io": "1.6.11",
        "has-binary": "0.1.7",
        "socket.io-adapter": "0.4.0",
        "socket.io-client": "1.4.8",
        "socket.io-parser": "2.2.6"
      },
      "dependencies": {
        "debug": {
          "version": "2.2.0",
          "resolved": "http://registry.npmjs.org/debug/-/debug-2.2.0.tgz",
          "integrity": "sha1-+HBX6ZWxofauaklgZkE3vFbwOdo=",
          "requires": {
            "ms": "0.7.1"
          }
        },
        "ms": {
          "version": "0.7.1",
          "resolved": "http://registry.npmjs.org/ms/-/ms-0.7.1.tgz",
          "integrity": "sha1-nNE8A62/8ltl7/3nzoZO6VIBcJg="
        }
      }
    },
    "socket.io-adapter": {
      "version": "0.4.0",
      "resolved": "https://registry.npmjs.org/socket.io-adapter/-/socket.io-adapter-0.4.0.tgz",
      "integrity": "sha1-+5+CqxqmUpC/csNleVW5MKmRok8=",
      "requires": {
        "debug": "2.2.0",
        "socket.io-parser": "2.2.2"
      },
      "dependencies": {
        "debug": {
          "version": "2.2.0",
          "resolved": "http://registry.npmjs.org/debug/-/debug-2.2.0.tgz",
          "integrity": "sha1-+HBX6ZWxofauaklgZkE3vFbwOdo=",
          "requires": {
            "ms": "0.7.1"
          }
        },
        "ms": {
          "version": "0.7.1",
          "resolved": "http://registry.npmjs.org/ms/-/ms-0.7.1.tgz",
          "integrity": "sha1-nNE8A62/8ltl7/3nzoZO6VIBcJg="
        },
        "socket.io-parser": {
          "version": "2.2.2",
          "resolved": "https://registry.npmjs.org/socket.io-parser/-/socket.io-parser-2.2.2.tgz",
          "integrity": "sha1-PXr2tkSX6Va32f53X5mXFgJ/lBc=",
          "requires": {
            "benchmark": "1.0.0",
            "component-emitter": "1.1.2",
            "debug": "0.7.4",
            "isarray": "0.0.1",
            "json3": "3.2.6"
          },
          "dependencies": {
            "debug": {
              "version": "0.7.4",
              "resolved": "http://registry.npmjs.org/debug/-/debug-0.7.4.tgz",
              "integrity": "sha1-BuHqgILCyxTjmAbiLi9vdX+Srzk="
            }
          }
        }
      }
    },
    "socket.io-client": {
      "version": "1.4.8",
      "resolved": "https://registry.npmjs.org/socket.io-client/-/socket.io-client-1.4.8.tgz",
      "integrity": "sha1-SBskHnPfFA6hpPsDSGqFrQl/VVg=",
      "requires": {
        "backo2": "1.0.2",
        "component-bind": "1.0.0",
        "component-emitter": "1.2.0",
        "debug": "2.2.0",
        "engine.io-client": "1.6.11",
        "has-binary": "0.1.7",
        "indexof": "0.0.1",
        "object-component": "0.0.3",
        "parseuri": "0.0.4",
        "socket.io-parser": "2.2.6",
        "to-array": "0.1.4"
      },
      "dependencies": {
        "component-emitter": {
          "version": "1.2.0",
          "resolved": "https://registry.npmjs.org/component-emitter/-/component-emitter-1.2.0.tgz",
          "integrity": "sha1-zNETqGOI0GSC0D3j/H35hSa6jv4="
        },
        "debug": {
          "version": "2.2.0",
          "resolved": "http://registry.npmjs.org/debug/-/debug-2.2.0.tgz",
          "integrity": "sha1-+HBX6ZWxofauaklgZkE3vFbwOdo=",
          "requires": {
            "ms": "0.7.1"
          }
        },
        "ms": {
          "version": "0.7.1",
          "resolved": "http://registry.npmjs.org/ms/-/ms-0.7.1.tgz",
          "integrity": "sha1-nNE8A62/8ltl7/3nzoZO6VIBcJg="
        }
      }
    },
    "socket.io-parser": {
      "version": "2.2.6",
      "resolved": "https://registry.npmjs.org/socket.io-parser/-/socket.io-parser-2.2.6.tgz",
      "integrity": "sha1-ON/WHfUNz4qx2eIJEyK/kCuii5k=",
      "requires": {
        "benchmark": "1.0.0",
        "component-emitter": "1.1.2",
        "debug": "2.2.0",
        "isarray": "0.0.1",
        "json3": "3.3.2"
      },
      "dependencies": {
        "debug": {
          "version": "2.2.0",
          "resolved": "http://registry.npmjs.org/debug/-/debug-2.2.0.tgz",
          "integrity": "sha1-+HBX6ZWxofauaklgZkE3vFbwOdo=",
          "requires": {
            "ms": "0.7.1"
          }
        },
        "json3": {
          "version": "3.3.2",
          "resolved": "https://registry.npmjs.org/json3/-/json3-3.3.2.tgz",
          "integrity": "sha1-PAQ0dD35Pi9cQq7nsZvLSDV19OE="
        },
        "ms": {
          "version": "0.7.1",
          "resolved": "http://registry.npmjs.org/ms/-/ms-0.7.1.tgz",
          "integrity": "sha1-nNE8A62/8ltl7/3nzoZO6VIBcJg="
        }
      }
    },
    "to-array": {
      "version": "0.1.4",
      "resolved": "https://registry.npmjs.org/to-array/-/to-array-0.1.4.tgz",
      "integrity": "sha1-F+bBH3PdTz10zaek/zI46a2b+JA="
    },
    "ultron": {
      "version": "1.0.2",
      "resolved": "https://registry.npmjs.org/ultron/-/ultron-1.0.2.tgz",
      "integrity": "sha1-rOEWq1V80Zc4ak6I9GhTeMiy5Po="
    },
    "utf8": {
      "version": "2.1.0",
      "resolved": "https://registry.npmjs.org/utf8/-/utf8-2.1.0.tgz",
      "integrity": "sha1-DP7FyAUtRKI+OqqQgQToB1+V39U="
    },
    "ws": {
      "version": "5.2.2",
      "resolved": "https://registry.npmjs.org/ws/-/ws-5.2.2.tgz",
      "integrity": "sha512-jaHFD6PFv6UgoIVda6qZllptQsMlDEJkTQcybzzXDYM1XO9Y8em691FGMPmM46WGyLU4z9KMgQN+qrux/nhlHA==",
      "requires": {
        "async-limiter": "~1.0.0"
      }
    },
    "xmldom": {
      "version": "0.1.27",
      "resolved": "https://registry.npmjs.org/xmldom/-/xmldom-0.1.27.tgz",
      "integrity": "sha1-1QH5ezvbQDr4757MIFcxh6rawOk="
    },
    "xmlhttprequest-ssl": {
      "version": "1.5.1",
      "resolved": "https://registry.npmjs.org/xmlhttprequest-ssl/-/xmlhttprequest-ssl-1.5.1.tgz",
      "integrity": "sha1-O3dB/qSoZnWXbpCNKW1ERZYfqmc="
    },
    "yeast": {
      "version": "0.1.2",
      "resolved": "https://registry.npmjs.org/yeast/-/yeast-0.1.2.tgz",
      "integrity": "sha1-AI4G2AlDIMNy28L47XagymyKxBk="
    }
  }
}
